
Microsoft Visual Studio Solution File, Format Version 12.00
# Visual Studio Version 17
VisualStudioVersion = 17.5.33414.496
MinimumVisualStudioVersion = 10.0.40219.1
Project("{FAE04EC0-301F-11D3-BF4B-00C04F79EFBC}") = "CompanyCompanionAPI", "CompanyCompanionAPI.csproj", "{48C50090-81A1-4749-9D3A-CC9B7EAA34DD}"
EndProject
Global
	GlobalSection(SolutionConfigurationPlatforms) = preSolution
		Debug|Any CPU = Debug|Any CPU
		Release|Any CPU = Release|Any CPU
	EndGlobalSection
	GlobalSection(ProjectConfigurationPlatforms) = postSolution
		{48C50090-81A1-4749-9D3A-CC9B7EAA34DD}.Debug|Any CPU.ActiveCfg = Debug|Any CPU
		{48C50090-81A1-4749-9D3A-CC9B7EAA34DD}.Debug|Any CPU.Build.0 = Debug|Any CPU
		{48C50090-81A1-4749-9D3A-CC9B7EAA34DD}.Release|Any CPU.ActiveCfg = Release|Any CPU
		{48C50090-81A1-4749-9D3A-CC9B7EAA34DD}.Release|Any CPU.Build.0 = Release|Any CPU
	EndGlobalSection
	GlobalSection(SolutionProperties) = preSolution
		HideSolutionNode = FALSE
	EndGlobalSection
	GlobalSection(ExtensibilityGlobals) = postSolution
		SolutionGuid = {7F06B2E8-BD86-40F2-A9BD-3BFB93379631}
	EndGlobalSection
EndGlobal
