
Microsoft Visual Studio Solution File, Format Version 12.00
# Visual Studio Version 17
VisualStudioVersion = 17.5.33414.496
MinimumVisualStudioVersion = 10.0.40219.1
Project("{FAE04EC0-301F-11D3-BF4B-00C04F79EFBC}") = "CompanyCompanionBackend", "CompanyCompanionBackend.csproj", "{9F815165-8C09-420D-8972-698487F53388}"
EndProject
Global
	GlobalSection(SolutionConfigurationPlatforms) = preSolution
		Debug|Any CPU = Debug|Any CPU
		Release|Any CPU = Release|Any CPU
	EndGlobalSection
	GlobalSection(ProjectConfigurationPlatforms) = postSolution
		{9F815165-8C09-420D-8972-698487F53388}.Debug|Any CPU.ActiveCfg = Debug|Any CPU
		{9F815165-8C09-420D-8972-698487F53388}.Debug|Any CPU.Build.0 = Debug|Any CPU
		{9F815165-8C09-420D-8972-698487F53388}.Release|Any CPU.ActiveCfg = Release|Any CPU
		{9F815165-8C09-420D-8972-698487F53388}.Release|Any CPU.Build.0 = Release|Any CPU
	EndGlobalSection
	GlobalSection(SolutionProperties) = preSolution
		HideSolutionNode = FALSE
	EndGlobalSection
	GlobalSection(ExtensibilityGlobals) = postSolution
		SolutionGuid = {14A08E7C-A41D-467A-86B3-3180ECF24BE6}
	EndGlobalSection
EndGlobal
